
Microsoft Visual Studio Solution File, Format Version 12.00
# Visual Studio 2013
VisualStudioVersion = 12.0.31101.0
MinimumVisualStudioVersion = 10.0.40219.1
Project("{FAE04EC0-301F-11D3-BF4B-00C04F79EFBC}") = "Main", "Main\Main.csproj", "{104FB824-ACCB-4357-BCD4-5E28A70FF8E0}"
EndProject
Project("{FAE04EC0-301F-11D3-BF4B-00C04F79EFBC}") = "Domain", "Domain\Domain.csproj", "{E780FDD6-C014-4CB7-AE9F-73F298AC8DBC}"
EndProject
Project("{FAE04EC0-301F-11D3-BF4B-00C04F79EFBC}") = "DomainTest", "DomainTest\DomainTest.csproj", "{5944E52B-F08D-4A81-9955-68BE2EC0E835}"
EndProject
Global
	GlobalSection(SolutionConfigurationPlatforms) = preSolution
		Debug|Any CPU = Debug|Any CPU
		Release|Any CPU = Release|Any CPU
	EndGlobalSection
	GlobalSection(ProjectConfigurationPlatforms) = postSolution
		{104FB824-ACCB-4357-BCD4-5E28A70FF8E0}.Debug|Any CPU.ActiveCfg = Debug|Any CPU
		{104FB824-ACCB-4357-BCD4-5E28A70FF8E0}.Debug|Any CPU.Build.0 = Debug|Any CPU
		{104FB824-ACCB-4357-BCD4-5E28A70FF8E0}.Release|Any CPU.ActiveCfg = Release|Any CPU
		{104FB824-ACCB-4357-BCD4-5E28A70FF8E0}.Release|Any CPU.Build.0 = Release|Any CPU
		{E780FDD6-C014-4CB7-AE9F-73F298AC8DBC}.Debug|Any CPU.ActiveCfg = Debug|Any CPU
		{E780FDD6-C014-4CB7-AE9F-73F298AC8DBC}.Debug|Any CPU.Build.0 = Debug|Any CPU
		{E780FDD6-C014-4CB7-AE9F-73F298AC8DBC}.Release|Any CPU.ActiveCfg = Release|Any CPU
		{E780FDD6-C014-4CB7-AE9F-73F298AC8DBC}.Release|Any CPU.Build.0 = Release|Any CPU
		{5944E52B-F08D-4A81-9955-68BE2EC0E835}.Debug|Any CPU.ActiveCfg = Debug|Any CPU
		{5944E52B-F08D-4A81-9955-68BE2EC0E835}.Debug|Any CPU.Build.0 = Debug|Any CPU
		{5944E52B-F08D-4A81-9955-68BE2EC0E835}.Release|Any CPU.ActiveCfg = Release|Any CPU
		{5944E52B-F08D-4A81-9955-68BE2EC0E835}.Release|Any CPU.Build.0 = Release|Any CPU
	EndGlobalSection
	GlobalSection(SolutionProperties) = preSolution
		HideSolutionNode = FALSE
	EndGlobalSection
EndGlobal
